
Microsoft Visual Studio Solution File, Format Version 12.00
# Visual Studio 15
VisualStudioVersion = 15.0.28010.0
MinimumVisualStudioVersion = 10.0.40219.1
Project("{9A19103F-16F7-4668-BE54-9A1E7A4F7556}") = "Hoshin.WebApi", "src\Hoshin.WebApi\Hoshin.WebApi.csproj", "{8EAED4D0-65E3-43F2-9696-A1471B983C55}"
EndProject
Project("{2150E333-8FDC-42A3-9474-1A3956D46DE8}") = "src", "src", "{A4C84C14-A3D7-4151-A502-9710460C305F}"
EndProject
Project("{2150E333-8FDC-42A3-9474-1A3956D46DE8}") = "Solution Items", "Solution Items", "{6E2E81A8-CF10-4DD2-BD9B-FC5B36C2807C}"
EndProject
Project("{2150E333-8FDC-42A3-9474-1A3956D46DE8}") = "Presentation", "Presentation", "{8C61D635-61F1-4DA9-A47B-2B5A052E9B06}"
EndProject
Project("{2150E333-8FDC-42A3-9474-1A3956D46DE8}") = "Application", "Application", "{AF81D14C-D947-43D7-A2A9-D729621D1997}"
EndProject
Project("{2150E333-8FDC-42A3-9474-1A3956D46DE8}") = "Domain", "Domain", "{1499FCA8-1AF1-4DB8-A229-F0B89695BA43}"
EndProject
Project("{2150E333-8FDC-42A3-9474-1A3956D46DE8}") = "Infra", "Infra", "{764BE896-994A-4C4A-89BF-1E9B67E99185}"
EndProject
Project("{9A19103F-16F7-4668-BE54-9A1E7A4F7556}") = "Hoshin.Core.Domain", "src\Hoshin.Core.Domain\Hoshin.Core.Domain.csproj", "{12D33A82-3B98-415E-8A98-567286498D8F}"
EndProject
Project("{9A19103F-16F7-4668-BE54-9A1E7A4F7556}") = "Hoshin.Core.Application", "src\Hoshin.Core.Application\Hoshin.Core.Application.csproj", "{898AA542-0A35-4979-998F-6C027B7DC237}"
EndProject
Project("{2150E333-8FDC-42A3-9474-1A3956D46DE8}") = "Tests", "Tests", "{E4B9D1A1-3E73-4404-A550-AEE05A80C83C}"
EndProject
Project("{9A19103F-16F7-4668-BE54-9A1E7A4F7556}") = "Hoshin.Core.Domain.Tests", "Tests\Hoshin.Core.Domain.Tests\Hoshin.Core.Domain.Tests.csproj", "{D03E73B7-2700-45EA-A70A-8C763057387B}"
EndProject
Project("{9A19103F-16F7-4668-BE54-9A1E7A4F7556}") = "Hoshin.WebApi.Tests", "Tests\Hoshin.WebApi.Tests\Hoshin.WebApi.Tests.csproj", "{0D987911-243E-4EB8-A58F-13F6EF162F7A}"
EndProject
Project("{9A19103F-16F7-4668-BE54-9A1E7A4F7556}") = "Hoshin.Core.UseCases.Tests", "Tests\Hoshin.Core.UseCases.Tests\Hoshin.Core.UseCases.Tests.csproj", "{D16117C1-1947-46ED-B34E-F57B22E7AC39}"
EndProject
Project("{2150E333-8FDC-42A3-9474-1A3956D46DE8}") = "CrossCutting", "CrossCutting", "{8EEAA431-35BF-42C2-B98D-CD4909CCFA11}"
EndProject
Project("{9A19103F-16F7-4668-BE54-9A1E7A4F7556}") = "Hoshin.CrossCutting.Message", "src\Hoshin.CrossCutting.Message\Hoshin.CrossCutting.Message.csproj", "{BF9729A9-B742-4267-8EF6-3200856FC2DC}"
EndProject
Project("{9A19103F-16F7-4668-BE54-9A1E7A4F7556}") = "Hoshin.CrossCutting.MicrosoftGraph", "src\Hoshin.CrossCutting.MicrosoftGraph\Hoshin.CrossCutting.MicrosoftGraph.csproj", "{564884F3-D78C-44F5-9E7F-9B47BA3F7594}"
EndProject
Project("{9A19103F-16F7-4668-BE54-9A1E7A4F7556}") = "Hoshin.CrossCutting.WorkflowCore", "src\Hoshin.CrossCutting.WorkflowCore\Hoshin.CrossCutting.WorkflowCore.csproj", "{C0EB270B-1088-40B1-99A9-97773359B9B7}"
EndProject
Project("{2150E333-8FDC-42A3-9474-1A3956D46DE8}") = "Persistance", "Persistance", "{7E948617-615B-4DF7-9321-8A03D03AC760}"
EndProject
Project("{9A19103F-16F7-4668-BE54-9A1E7A4F7556}") = "Hoshin.Core.Data", "src\Hoshin.Core.Data\Hoshin.Core.Data.csproj", "{34647AFC-EDB7-462D-8C81-D9BC5B84576C}"
EndProject
Project("{9A19103F-16F7-4668-BE54-9A1E7A4F7556}") = "Hoshin.CrossCutting.IoC", "src\Hoshin.CrossCutting.IoC\Hoshin.CrossCutting.IoC.csproj", "{E1590B6C-721A-4D15-8658-258FD6F73106}"
EndProject
Project("{9A19103F-16F7-4668-BE54-9A1E7A4F7556}") = "Hoshin.CrossCutting.JWT", "src\Hoshin.CrossCutting.JWT\Hoshin.CrossCutting.JWT.csproj", "{5ABA286B-469E-4410-A8A3-71CB34075D32}"
EndProject
Project("{9A19103F-16F7-4668-BE54-9A1E7A4F7556}") = "Hoshin.CrossCutting.Security", "src\Hoshin.CrossCutting.Security\Hoshin.CrossCutting.Security.csproj", "{449CBA2C-4DEC-47BB-B94F-232D4584055A}"
EndProject
Project("{9A19103F-16F7-4668-BE54-9A1E7A4F7556}") = "Hoshin.CrossCutting.Logger", "src\Hoshin.CrossCutting.Logger\Hoshin.CrossCutting.Logger.csproj", "{4B2618AB-2BC9-45B4-BB57-8014F80E8CB5}"
EndProject
Project("{9A19103F-16F7-4668-BE54-9A1E7A4F7556}") = "Hoshin.CrossCutting.Storage", "src\Hoshin.CrossCutting.Storage\Hoshin.CrossCutting.Storage.csproj", "{A24E9EA0-5B74-445F-A2B1-C59FF22494E8}"
EndProject
Project("{9A19103F-16F7-4668-BE54-9A1E7A4F7556}") = "Hoshin.CrossCutting.ErrorHandler", "src\Hoshin.CrossCutting.ErrorHandler\Hoshin.CrossCutting.ErrorHandler.csproj", "{4ABC2140-0313-4C4D-A990-9CEA341A0801}"
EndProject
Project("{9A19103F-16F7-4668-BE54-9A1E7A4F7556}") = "Hoshin.Quality.Application", "src\Hoshin.Quality.Application\Hoshin.Quality.Application.csproj", "{29F3812A-5D3E-4326-9148-AFD5ACB39857}"
EndProject
Project("{9A19103F-16F7-4668-BE54-9A1E7A4F7556}") = "Hoshin.Quality.Domain", "src\Hoshin.Quality.Domain\Hoshin.Quality.Domain.csproj", "{7DAAA0C1-F6B6-4E00-971B-C95905B01F0C}"
EndProject
Project("{9A19103F-16F7-4668-BE54-9A1E7A4F7556}") = "Hoshin.Quality.UseCases.Test", "Tests\Hoshin.Quality.UseCases.Test\Hoshin.Quality.UseCases.Test.csproj", "{C075813A-0D1A-4FF1-B416-ABF3DE192F45}"
EndProject
Project("{9A19103F-16F7-4668-BE54-9A1E7A4F7556}") = "Hoshin.CrossCutting.Authorization", "src\Hoshin.CrossCutting.Authorization\Hoshin.CrossCutting.Authorization.csproj", "{3F3D35C8-A676-4460-A181-AC968C2E946C}"
EndProject
Project("{9A19103F-16F7-4668-BE54-9A1E7A4F7556}") = "Hoshin.Core.Data.Tests", "Tests\Hoshin.Core.Data.Tests\Hoshin.Core.Data.Tests.csproj", "{9232D3D5-3B0F-4ED1-AB05-D8760604D22B}"
EndProject
Project("{9A19103F-16F7-4668-BE54-9A1E7A4F7556}") = "Hoshin.Infra.AzureStorage", "src\Hoshin.Infra.AzureStorage\Hoshin.Infra.AzureStorage.csproj", "{444C859B-15B5-4A02-9449-1EFB0A3B1CE7}"
EndProject
Project("{FAE04EC0-301F-11D3-BF4B-00C04F79EFBC}") = "Hoshin.CrossCutting.SignalR", "src\Hoshin.CrossCutting.SignalR\Hoshin.CrossCutting.SignalR.csproj", "{63486F12-2C2F-473E-92ED-BC25144768F4}"
EndProject
Global
	GlobalSection(SolutionConfigurationPlatforms) = preSolution
		Debug|Any CPU = Debug|Any CPU
		Release|Any CPU = Release|Any CPU
	EndGlobalSection
	GlobalSection(ProjectConfigurationPlatforms) = postSolution
		{8EAED4D0-65E3-43F2-9696-A1471B983C55}.Debug|Any CPU.ActiveCfg = Debug|Any CPU
		{8EAED4D0-65E3-43F2-9696-A1471B983C55}.Debug|Any CPU.Build.0 = Debug|Any CPU
		{8EAED4D0-65E3-43F2-9696-A1471B983C55}.Release|Any CPU.ActiveCfg = Release|Any CPU
		{8EAED4D0-65E3-43F2-9696-A1471B983C55}.Release|Any CPU.Build.0 = Release|Any CPU
		{12D33A82-3B98-415E-8A98-567286498D8F}.Debug|Any CPU.ActiveCfg = Debug|Any CPU
		{12D33A82-3B98-415E-8A98-567286498D8F}.Debug|Any CPU.Build.0 = Debug|Any CPU
		{12D33A82-3B98-415E-8A98-567286498D8F}.Release|Any CPU.ActiveCfg = Release|Any CPU
		{12D33A82-3B98-415E-8A98-567286498D8F}.Release|Any CPU.Build.0 = Release|Any CPU
		{898AA542-0A35-4979-998F-6C027B7DC237}.Debug|Any CPU.ActiveCfg = Debug|Any CPU
		{898AA542-0A35-4979-998F-6C027B7DC237}.Debug|Any CPU.Build.0 = Debug|Any CPU
		{898AA542-0A35-4979-998F-6C027B7DC237}.Release|Any CPU.ActiveCfg = Release|Any CPU
		{898AA542-0A35-4979-998F-6C027B7DC237}.Release|Any CPU.Build.0 = Release|Any CPU
		{D03E73B7-2700-45EA-A70A-8C763057387B}.Debug|Any CPU.ActiveCfg = Debug|Any CPU
		{D03E73B7-2700-45EA-A70A-8C763057387B}.Debug|Any CPU.Build.0 = Debug|Any CPU
		{D03E73B7-2700-45EA-A70A-8C763057387B}.Release|Any CPU.ActiveCfg = Release|Any CPU
		{D03E73B7-2700-45EA-A70A-8C763057387B}.Release|Any CPU.Build.0 = Release|Any CPU
		{0D987911-243E-4EB8-A58F-13F6EF162F7A}.Debug|Any CPU.ActiveCfg = Debug|Any CPU
		{0D987911-243E-4EB8-A58F-13F6EF162F7A}.Debug|Any CPU.Build.0 = Debug|Any CPU
		{0D987911-243E-4EB8-A58F-13F6EF162F7A}.Release|Any CPU.ActiveCfg = Release|Any CPU
		{0D987911-243E-4EB8-A58F-13F6EF162F7A}.Release|Any CPU.Build.0 = Release|Any CPU
		{D16117C1-1947-46ED-B34E-F57B22E7AC39}.Debug|Any CPU.ActiveCfg = Debug|Any CPU
		{D16117C1-1947-46ED-B34E-F57B22E7AC39}.Debug|Any CPU.Build.0 = Debug|Any CPU
		{D16117C1-1947-46ED-B34E-F57B22E7AC39}.Release|Any CPU.ActiveCfg = Release|Any CPU
		{D16117C1-1947-46ED-B34E-F57B22E7AC39}.Release|Any CPU.Build.0 = Release|Any CPU
		{BF9729A9-B742-4267-8EF6-3200856FC2DC}.Debug|Any CPU.ActiveCfg = Debug|Any CPU
		{BF9729A9-B742-4267-8EF6-3200856FC2DC}.Debug|Any CPU.Build.0 = Debug|Any CPU
		{BF9729A9-B742-4267-8EF6-3200856FC2DC}.Release|Any CPU.ActiveCfg = Release|Any CPU
		{BF9729A9-B742-4267-8EF6-3200856FC2DC}.Release|Any CPU.Build.0 = Release|Any CPU
		{564884F3-D78C-44F5-9E7F-9B47BA3F7594}.Debug|Any CPU.ActiveCfg = Debug|Any CPU
		{564884F3-D78C-44F5-9E7F-9B47BA3F7594}.Debug|Any CPU.Build.0 = Debug|Any CPU
		{564884F3-D78C-44F5-9E7F-9B47BA3F7594}.Release|Any CPU.ActiveCfg = Release|Any CPU
		{564884F3-D78C-44F5-9E7F-9B47BA3F7594}.Release|Any CPU.Build.0 = Release|Any CPU
		{C0EB270B-1088-40B1-99A9-97773359B9B7}.Debug|Any CPU.ActiveCfg = Debug|Any CPU
		{C0EB270B-1088-40B1-99A9-97773359B9B7}.Debug|Any CPU.Build.0 = Debug|Any CPU
		{C0EB270B-1088-40B1-99A9-97773359B9B7}.Release|Any CPU.ActiveCfg = Release|Any CPU
		{C0EB270B-1088-40B1-99A9-97773359B9B7}.Release|Any CPU.Build.0 = Release|Any CPU
		{34647AFC-EDB7-462D-8C81-D9BC5B84576C}.Debug|Any CPU.ActiveCfg = Debug|Any CPU
		{34647AFC-EDB7-462D-8C81-D9BC5B84576C}.Debug|Any CPU.Build.0 = Debug|Any CPU
		{34647AFC-EDB7-462D-8C81-D9BC5B84576C}.Release|Any CPU.ActiveCfg = Release|Any CPU
		{34647AFC-EDB7-462D-8C81-D9BC5B84576C}.Release|Any CPU.Build.0 = Release|Any CPU
		{E1590B6C-721A-4D15-8658-258FD6F73106}.Debug|Any CPU.ActiveCfg = Debug|Any CPU
		{E1590B6C-721A-4D15-8658-258FD6F73106}.Debug|Any CPU.Build.0 = Debug|Any CPU
		{E1590B6C-721A-4D15-8658-258FD6F73106}.Release|Any CPU.ActiveCfg = Release|Any CPU
		{E1590B6C-721A-4D15-8658-258FD6F73106}.Release|Any CPU.Build.0 = Release|Any CPU
		{5ABA286B-469E-4410-A8A3-71CB34075D32}.Debug|Any CPU.ActiveCfg = Debug|Any CPU
		{5ABA286B-469E-4410-A8A3-71CB34075D32}.Debug|Any CPU.Build.0 = Debug|Any CPU
		{5ABA286B-469E-4410-A8A3-71CB34075D32}.Release|Any CPU.ActiveCfg = Release|Any CPU
		{5ABA286B-469E-4410-A8A3-71CB34075D32}.Release|Any CPU.Build.0 = Release|Any CPU
		{449CBA2C-4DEC-47BB-B94F-232D4584055A}.Debug|Any CPU.ActiveCfg = Debug|Any CPU
		{449CBA2C-4DEC-47BB-B94F-232D4584055A}.Debug|Any CPU.Build.0 = Debug|Any CPU
		{449CBA2C-4DEC-47BB-B94F-232D4584055A}.Release|Any CPU.ActiveCfg = Release|Any CPU
		{449CBA2C-4DEC-47BB-B94F-232D4584055A}.Release|Any CPU.Build.0 = Release|Any CPU
		{4B2618AB-2BC9-45B4-BB57-8014F80E8CB5}.Debug|Any CPU.ActiveCfg = Debug|Any CPU
		{4B2618AB-2BC9-45B4-BB57-8014F80E8CB5}.Debug|Any CPU.Build.0 = Debug|Any CPU
		{4B2618AB-2BC9-45B4-BB57-8014F80E8CB5}.Release|Any CPU.ActiveCfg = Release|Any CPU
		{4B2618AB-2BC9-45B4-BB57-8014F80E8CB5}.Release|Any CPU.Build.0 = Release|Any CPU
		{A24E9EA0-5B74-445F-A2B1-C59FF22494E8}.Debug|Any CPU.ActiveCfg = Debug|Any CPU
		{A24E9EA0-5B74-445F-A2B1-C59FF22494E8}.Debug|Any CPU.Build.0 = Debug|Any CPU
		{A24E9EA0-5B74-445F-A2B1-C59FF22494E8}.Release|Any CPU.ActiveCfg = Release|Any CPU
		{A24E9EA0-5B74-445F-A2B1-C59FF22494E8}.Release|Any CPU.Build.0 = Release|Any CPU
		{4ABC2140-0313-4C4D-A990-9CEA341A0801}.Debug|Any CPU.ActiveCfg = Debug|Any CPU
		{4ABC2140-0313-4C4D-A990-9CEA341A0801}.Debug|Any CPU.Build.0 = Debug|Any CPU
		{4ABC2140-0313-4C4D-A990-9CEA341A0801}.Release|Any CPU.ActiveCfg = Release|Any CPU
		{4ABC2140-0313-4C4D-A990-9CEA341A0801}.Release|Any CPU.Build.0 = Release|Any CPU
		{29F3812A-5D3E-4326-9148-AFD5ACB39857}.Debug|Any CPU.ActiveCfg = Debug|Any CPU
		{29F3812A-5D3E-4326-9148-AFD5ACB39857}.Debug|Any CPU.Build.0 = Debug|Any CPU
		{29F3812A-5D3E-4326-9148-AFD5ACB39857}.Release|Any CPU.ActiveCfg = Release|Any CPU
		{29F3812A-5D3E-4326-9148-AFD5ACB39857}.Release|Any CPU.Build.0 = Release|Any CPU
		{7DAAA0C1-F6B6-4E00-971B-C95905B01F0C}.Debug|Any CPU.ActiveCfg = Debug|Any CPU
		{7DAAA0C1-F6B6-4E00-971B-C95905B01F0C}.Debug|Any CPU.Build.0 = Debug|Any CPU
		{7DAAA0C1-F6B6-4E00-971B-C95905B01F0C}.Release|Any CPU.ActiveCfg = Release|Any CPU
		{7DAAA0C1-F6B6-4E00-971B-C95905B01F0C}.Release|Any CPU.Build.0 = Release|Any CPU
		{C075813A-0D1A-4FF1-B416-ABF3DE192F45}.Debug|Any CPU.ActiveCfg = Debug|Any CPU
		{C075813A-0D1A-4FF1-B416-ABF3DE192F45}.Debug|Any CPU.Build.0 = Debug|Any CPU
		{C075813A-0D1A-4FF1-B416-ABF3DE192F45}.Release|Any CPU.ActiveCfg = Release|Any CPU
		{C075813A-0D1A-4FF1-B416-ABF3DE192F45}.Release|Any CPU.Build.0 = Release|Any CPU
		{3F3D35C8-A676-4460-A181-AC968C2E946C}.Debug|Any CPU.ActiveCfg = Debug|Any CPU
		{3F3D35C8-A676-4460-A181-AC968C2E946C}.Debug|Any CPU.Build.0 = Debug|Any CPU
		{3F3D35C8-A676-4460-A181-AC968C2E946C}.Release|Any CPU.ActiveCfg = Release|Any CPU
		{3F3D35C8-A676-4460-A181-AC968C2E946C}.Release|Any CPU.Build.0 = Release|Any CPU
		{9232D3D5-3B0F-4ED1-AB05-D8760604D22B}.Debug|Any CPU.ActiveCfg = Debug|Any CPU
		{9232D3D5-3B0F-4ED1-AB05-D8760604D22B}.Debug|Any CPU.Build.0 = Debug|Any CPU
		{9232D3D5-3B0F-4ED1-AB05-D8760604D22B}.Release|Any CPU.ActiveCfg = Release|Any CPU
		{9232D3D5-3B0F-4ED1-AB05-D8760604D22B}.Release|Any CPU.Build.0 = Release|Any CPU
		{444C859B-15B5-4A02-9449-1EFB0A3B1CE7}.Debug|Any CPU.ActiveCfg = Debug|Any CPU
		{444C859B-15B5-4A02-9449-1EFB0A3B1CE7}.Debug|Any CPU.Build.0 = Debug|Any CPU
		{444C859B-15B5-4A02-9449-1EFB0A3B1CE7}.Release|Any CPU.ActiveCfg = Release|Any CPU
		{444C859B-15B5-4A02-9449-1EFB0A3B1CE7}.Release|Any CPU.Build.0 = Release|Any CPU
		{63486F12-2C2F-473E-92ED-BC25144768F4}.Debug|Any CPU.ActiveCfg = Debug|Any CPU
		{63486F12-2C2F-473E-92ED-BC25144768F4}.Debug|Any CPU.Build.0 = Debug|Any CPU
		{63486F12-2C2F-473E-92ED-BC25144768F4}.Release|Any CPU.ActiveCfg = Release|Any CPU
		{63486F12-2C2F-473E-92ED-BC25144768F4}.Release|Any CPU.Build.0 = Release|Any CPU
	EndGlobalSection
	GlobalSection(SolutionProperties) = preSolution
		HideSolutionNode = FALSE
	EndGlobalSection
	GlobalSection(NestedProjects) = preSolution
		{8EAED4D0-65E3-43F2-9696-A1471B983C55} = {8C61D635-61F1-4DA9-A47B-2B5A052E9B06}
		{8C61D635-61F1-4DA9-A47B-2B5A052E9B06} = {A4C84C14-A3D7-4151-A502-9710460C305F}
		{AF81D14C-D947-43D7-A2A9-D729621D1997} = {A4C84C14-A3D7-4151-A502-9710460C305F}
		{1499FCA8-1AF1-4DB8-A229-F0B89695BA43} = {A4C84C14-A3D7-4151-A502-9710460C305F}
		{764BE896-994A-4C4A-89BF-1E9B67E99185} = {A4C84C14-A3D7-4151-A502-9710460C305F}
		{12D33A82-3B98-415E-8A98-567286498D8F} = {1499FCA8-1AF1-4DB8-A229-F0B89695BA43}
		{898AA542-0A35-4979-998F-6C027B7DC237} = {AF81D14C-D947-43D7-A2A9-D729621D1997}
		{D03E73B7-2700-45EA-A70A-8C763057387B} = {E4B9D1A1-3E73-4404-A550-AEE05A80C83C}
		{0D987911-243E-4EB8-A58F-13F6EF162F7A} = {E4B9D1A1-3E73-4404-A550-AEE05A80C83C}
		{D16117C1-1947-46ED-B34E-F57B22E7AC39} = {E4B9D1A1-3E73-4404-A550-AEE05A80C83C}
		{8EEAA431-35BF-42C2-B98D-CD4909CCFA11} = {A4C84C14-A3D7-4151-A502-9710460C305F}
		{BF9729A9-B742-4267-8EF6-3200856FC2DC} = {8EEAA431-35BF-42C2-B98D-CD4909CCFA11}
		{564884F3-D78C-44F5-9E7F-9B47BA3F7594} = {8EEAA431-35BF-42C2-B98D-CD4909CCFA11}
		{C0EB270B-1088-40B1-99A9-97773359B9B7} = {8EEAA431-35BF-42C2-B98D-CD4909CCFA11}
		{7E948617-615B-4DF7-9321-8A03D03AC760} = {A4C84C14-A3D7-4151-A502-9710460C305F}
		{34647AFC-EDB7-462D-8C81-D9BC5B84576C} = {7E948617-615B-4DF7-9321-8A03D03AC760}
		{E1590B6C-721A-4D15-8658-258FD6F73106} = {8EEAA431-35BF-42C2-B98D-CD4909CCFA11}
		{5ABA286B-469E-4410-A8A3-71CB34075D32} = {8EEAA431-35BF-42C2-B98D-CD4909CCFA11}
		{449CBA2C-4DEC-47BB-B94F-232D4584055A} = {8EEAA431-35BF-42C2-B98D-CD4909CCFA11}
		{4B2618AB-2BC9-45B4-BB57-8014F80E8CB5} = {8EEAA431-35BF-42C2-B98D-CD4909CCFA11}
		{A24E9EA0-5B74-445F-A2B1-C59FF22494E8} = {8EEAA431-35BF-42C2-B98D-CD4909CCFA11}
		{4ABC2140-0313-4C4D-A990-9CEA341A0801} = {8EEAA431-35BF-42C2-B98D-CD4909CCFA11}
		{29F3812A-5D3E-4326-9148-AFD5ACB39857} = {AF81D14C-D947-43D7-A2A9-D729621D1997}
		{7DAAA0C1-F6B6-4E00-971B-C95905B01F0C} = {1499FCA8-1AF1-4DB8-A229-F0B89695BA43}
		{C075813A-0D1A-4FF1-B416-ABF3DE192F45} = {E4B9D1A1-3E73-4404-A550-AEE05A80C83C}
		{3F3D35C8-A676-4460-A181-AC968C2E946C} = {8EEAA431-35BF-42C2-B98D-CD4909CCFA11}
		{9232D3D5-3B0F-4ED1-AB05-D8760604D22B} = {E4B9D1A1-3E73-4404-A550-AEE05A80C83C}
		{444C859B-15B5-4A02-9449-1EFB0A3B1CE7} = {764BE896-994A-4C4A-89BF-1E9B67E99185}
		{63486F12-2C2F-473E-92ED-BC25144768F4} = {8EEAA431-35BF-42C2-B98D-CD4909CCFA11}
	EndGlobalSection
	GlobalSection(ExtensibilityGlobals) = postSolution
		SolutionGuid = {5DA6D08E-EB4A-4595-9DBC-855A7EA8D100}
	EndGlobalSection
EndGlobal
